
Microsoft Visual Studio Solution File, Format Version 12.00
# Visual Studio Version 16
VisualStudioVersion = 16.0.31321.278
MinimumVisualStudioVersion = 10.0.40219.1
Project("{FAE04EC0-301F-11D3-BF4B-00C04F79EFBC}") = "SenderApp", "SenderApp\SenderApp.csproj", "{0D4A6E4E-7047-4FCD-A053-F6E4ED622FA5}"
EndProject
Project("{FAE04EC0-301F-11D3-BF4B-00C04F79EFBC}") = "ReceiverApp", "ReceiverApp\ReceiverApp.csproj", "{B4C96AD7-FB0B-4174-8542-B01117618C9B}"
EndProject
Project("{FAE04EC0-301F-11D3-BF4B-00C04F79EFBC}") = "Common", "Common\Common.csproj", "{B0AB9EDA-3265-481C-8D26-0F83EB716085}"
EndProject
Global
	GlobalSection(SolutionConfigurationPlatforms) = preSolution
		Debug|Any CPU = Debug|Any CPU
		Release|Any CPU = Release|Any CPU
	EndGlobalSection
	GlobalSection(ProjectConfigurationPlatforms) = postSolution
		{0D4A6E4E-7047-4FCD-A053-F6E4ED622FA5}.Debug|Any CPU.ActiveCfg = Debug|Any CPU
		{0D4A6E4E-7047-4FCD-A053-F6E4ED622FA5}.Debug|Any CPU.Build.0 = Debug|Any CPU
		{0D4A6E4E-7047-4FCD-A053-F6E4ED622FA5}.Release|Any CPU.ActiveCfg = Release|Any CPU
		{0D4A6E4E-7047-4FCD-A053-F6E4ED622FA5}.Release|Any CPU.Build.0 = Release|Any CPU
		{B4C96AD7-FB0B-4174-8542-B01117618C9B}.Debug|Any CPU.ActiveCfg = Debug|Any CPU
		{B4C96AD7-FB0B-4174-8542-B01117618C9B}.Debug|Any CPU.Build.0 = Debug|Any CPU
		{B4C96AD7-FB0B-4174-8542-B01117618C9B}.Release|Any CPU.ActiveCfg = Release|Any CPU
		{B4C96AD7-FB0B-4174-8542-B01117618C9B}.Release|Any CPU.Build.0 = Release|Any CPU
		{B0AB9EDA-3265-481C-8D26-0F83EB716085}.Debug|Any CPU.ActiveCfg = Debug|Any CPU
		{B0AB9EDA-3265-481C-8D26-0F83EB716085}.Debug|Any CPU.Build.0 = Debug|Any CPU
		{B0AB9EDA-3265-481C-8D26-0F83EB716085}.Release|Any CPU.ActiveCfg = Release|Any CPU
		{B0AB9EDA-3265-481C-8D26-0F83EB716085}.Release|Any CPU.Build.0 = Release|Any CPU
	EndGlobalSection
	GlobalSection(SolutionProperties) = preSolution
		HideSolutionNode = FALSE
	EndGlobalSection
	GlobalSection(ExtensibilityGlobals) = postSolution
		SolutionGuid = {4AD96515-8EEC-44E5-8DBC-CD82071B7FB1}
	EndGlobalSection
EndGlobal
